
Microsoft Visual Studio Solution File, Format Version 12.00
# Visual Studio 2013
VisualStudioVersion = 12.0.30723.0
MinimumVisualStudioVersion = 10.0.40219.1
Project("{FAE04EC0-301F-11D3-BF4B-00C04F79EFBC}") = "OTT", "OTT\OTT.csproj", "{7602E197-FA72-4D7F-9827-4B840192DB3D}"
EndProject
Project("{FAE04EC0-301F-11D3-BF4B-00C04F79EFBC}") = "DAL", "DAL\DAL.csproj", "{A6FDC6C8-2E18-4186-A04D-550A14EBC652}"
EndProject
Project("{FAE04EC0-301F-11D3-BF4B-00C04F79EFBC}") = "BLL", "BLL\BLL.csproj", "{4B2CB982-DF29-4136-AD47-E930F624A11E}"
EndProject
Project("{FAE04EC0-301F-11D3-BF4B-00C04F79EFBC}") = "Common", "Common\Common.csproj", "{DB4ECBD1-66D1-4BA4-B919-14284D03D05D}"
EndProject
Project("{FAE04EC0-301F-11D3-BF4B-00C04F79EFBC}") = "Test", "Test\Test.csproj", "{0EA03171-ED3C-42FB-A5AC-098D2B003409}"
EndProject
Project("{FAE04EC0-301F-11D3-BF4B-00C04F79EFBC}") = "UserCotrol", "UserCotrol\UserCotrol.csproj", "{34E83D6D-0EAF-49F3-B863-FECF6D961E8B}"
EndProject
Global
	GlobalSection(SolutionConfigurationPlatforms) = preSolution
		Debug|Any CPU = Debug|Any CPU
		Release|Any CPU = Release|Any CPU
	EndGlobalSection
	GlobalSection(ProjectConfigurationPlatforms) = postSolution
		{7602E197-FA72-4D7F-9827-4B840192DB3D}.Debug|Any CPU.ActiveCfg = Debug|Any CPU
		{7602E197-FA72-4D7F-9827-4B840192DB3D}.Debug|Any CPU.Build.0 = Debug|Any CPU
		{7602E197-FA72-4D7F-9827-4B840192DB3D}.Release|Any CPU.ActiveCfg = Release|Any CPU
		{7602E197-FA72-4D7F-9827-4B840192DB3D}.Release|Any CPU.Build.0 = Release|Any CPU
		{A6FDC6C8-2E18-4186-A04D-550A14EBC652}.Debug|Any CPU.ActiveCfg = Debug|Any CPU
		{A6FDC6C8-2E18-4186-A04D-550A14EBC652}.Debug|Any CPU.Build.0 = Debug|Any CPU
		{A6FDC6C8-2E18-4186-A04D-550A14EBC652}.Release|Any CPU.ActiveCfg = Release|Any CPU
		{A6FDC6C8-2E18-4186-A04D-550A14EBC652}.Release|Any CPU.Build.0 = Release|Any CPU
		{4B2CB982-DF29-4136-AD47-E930F624A11E}.Debug|Any CPU.ActiveCfg = Debug|Any CPU
		{4B2CB982-DF29-4136-AD47-E930F624A11E}.Debug|Any CPU.Build.0 = Debug|Any CPU
		{4B2CB982-DF29-4136-AD47-E930F624A11E}.Release|Any CPU.ActiveCfg = Release|Any CPU
		{4B2CB982-DF29-4136-AD47-E930F624A11E}.Release|Any CPU.Build.0 = Release|Any CPU
		{DB4ECBD1-66D1-4BA4-B919-14284D03D05D}.Debug|Any CPU.ActiveCfg = Debug|Any CPU
		{DB4ECBD1-66D1-4BA4-B919-14284D03D05D}.Debug|Any CPU.Build.0 = Debug|Any CPU
		{DB4ECBD1-66D1-4BA4-B919-14284D03D05D}.Release|Any CPU.ActiveCfg = Release|Any CPU
		{DB4ECBD1-66D1-4BA4-B919-14284D03D05D}.Release|Any CPU.Build.0 = Release|Any CPU
		{0EA03171-ED3C-42FB-A5AC-098D2B003409}.Debug|Any CPU.ActiveCfg = Debug|Any CPU
		{0EA03171-ED3C-42FB-A5AC-098D2B003409}.Debug|Any CPU.Build.0 = Debug|Any CPU
		{0EA03171-ED3C-42FB-A5AC-098D2B003409}.Release|Any CPU.ActiveCfg = Release|Any CPU
		{0EA03171-ED3C-42FB-A5AC-098D2B003409}.Release|Any CPU.Build.0 = Release|Any CPU
		{34E83D6D-0EAF-49F3-B863-FECF6D961E8B}.Debug|Any CPU.ActiveCfg = Debug|Any CPU
		{34E83D6D-0EAF-49F3-B863-FECF6D961E8B}.Debug|Any CPU.Build.0 = Debug|Any CPU
		{34E83D6D-0EAF-49F3-B863-FECF6D961E8B}.Release|Any CPU.ActiveCfg = Release|Any CPU
		{34E83D6D-0EAF-49F3-B863-FECF6D961E8B}.Release|Any CPU.Build.0 = Release|Any CPU
	EndGlobalSection
	GlobalSection(SolutionProperties) = preSolution
		HideSolutionNode = FALSE
	EndGlobalSection
EndGlobal
